
Microsoft Visual Studio Solution File, Format Version 12.00
# Visual Studio Version 17
VisualStudioVersion = 17.4.33213.308
MinimumVisualStudioVersion = 10.0.40219.1
Project("{FAE04EC0-301F-11D3-BF4B-00C04F79EFBC}") = "HumanReadableTimeCW", "HumanReadableTimeCW\HumanReadableTimeCW.csproj", "{0F440CCE-CC37-4FF2-92AD-39E0C9900163}"
EndProject
Global
	GlobalSection(SolutionConfigurationPlatforms) = preSolution
		Debug|Any CPU = Debug|Any CPU
		Release|Any CPU = Release|Any CPU
	EndGlobalSection
	GlobalSection(ProjectConfigurationPlatforms) = postSolution
		{0F440CCE-CC37-4FF2-92AD-39E0C9900163}.Debug|Any CPU.ActiveCfg = Debug|Any CPU
		{0F440CCE-CC37-4FF2-92AD-39E0C9900163}.Debug|Any CPU.Build.0 = Debug|Any CPU
		{0F440CCE-CC37-4FF2-92AD-39E0C9900163}.Release|Any CPU.ActiveCfg = Release|Any CPU
		{0F440CCE-CC37-4FF2-92AD-39E0C9900163}.Release|Any CPU.Build.0 = Release|Any CPU
	EndGlobalSection
	GlobalSection(SolutionProperties) = preSolution
		HideSolutionNode = FALSE
	EndGlobalSection
	GlobalSection(ExtensibilityGlobals) = postSolution
		SolutionGuid = {E2D2BE67-40CC-4F93-90E0-17B16A888413}
	EndGlobalSection
EndGlobal
